# This file is autogenerated, do not edit; changes may be undone by the next 'dep ensure'.


[[projects]]
  name = "github.com/yosssi/gmq"
  packages = ["mqtt","mqtt/client","mqtt/packet"]
  revision = "31fa037b1019e383aa033aee1e4d04e106c88ed2"
  version = "v0.0.1"

[solve-meta]
  analyzer-name = "dep"
  analyzer-version = 1
  inputs-digest = "84bf844209d128c7a6a23fb8f7f0874765185fdb89451ca8bf48ec85c2a116e3"
  solver-name = "gps-cdcl"
  solver-version = 1
